
Microsoft Visual Studio Solution File, Format Version 12.00
# Visual Studio Version 16
VisualStudioVersion = 16.0.30320.27
MinimumVisualStudioVersion = 10.0.40219.1
Project("{8BC9CEB8-8B4A-11D0-8D11-00A0C91BC942}") = "t23", "t23.vcxproj", "{EE4B4B59-7FAF-4A3A-8A2C-F7FE596073BD}"
EndProject
Global
	GlobalSection(SolutionConfigurationPlatforms) = preSolution
		Debug|x64 = Debug|x64
		Debug|x86 = Debug|x86
		Release|x64 = Release|x64
		Release|x86 = Release|x86
	EndGlobalSection
	GlobalSection(ProjectConfigurationPlatforms) = postSolution
		{EE4B4B59-7FAF-4A3A-8A2C-F7FE596073BD}.Debug|x64.ActiveCfg = Debug|x64
		{EE4B4B59-7FAF-4A3A-8A2C-F7FE596073BD}.Debug|x64.Build.0 = Debug|x64
		{EE4B4B59-7FAF-4A3A-8A2C-F7FE596073BD}.Debug|x86.ActiveCfg = Debug|Win32
		{EE4B4B59-7FAF-4A3A-8A2C-F7FE596073BD}.Debug|x86.Build.0 = Debug|Win32
		{EE4B4B59-7FAF-4A3A-8A2C-F7FE596073BD}.Release|x64.ActiveCfg = Release|x64
		{EE4B4B59-7FAF-4A3A-8A2C-F7FE596073BD}.Release|x64.Build.0 = Release|x64
		{EE4B4B59-7FAF-4A3A-8A2C-F7FE596073BD}.Release|x86.ActiveCfg = Release|Win32
		{EE4B4B59-7FAF-4A3A-8A2C-F7FE596073BD}.Release|x86.Build.0 = Release|Win32
	EndGlobalSection
	GlobalSection(SolutionProperties) = preSolution
		HideSolutionNode = FALSE
	EndGlobalSection
	GlobalSection(ExtensibilityGlobals) = postSolution
		SolutionGuid = {3C498B7C-5C1C-48CF-B23E-65C20467DFD7}
	EndGlobalSection
EndGlobal
