
Microsoft Visual Studio Solution File, Format Version 12.00
# Visual Studio Version 16
VisualStudioVersion = 16.0.30320.27
MinimumVisualStudioVersion = 10.0.40219.1
Project("{8BC9CEB8-8B4A-11D0-8D11-00A0C91BC942}") = "t33", "t33.vcxproj", "{A22BA500-E7BA-46B6-9714-02717A558BD2}"
EndProject
Global
	GlobalSection(SolutionConfigurationPlatforms) = preSolution
		Debug|x64 = Debug|x64
		Debug|x86 = Debug|x86
		Release|x64 = Release|x64
		Release|x86 = Release|x86
	EndGlobalSection
	GlobalSection(ProjectConfigurationPlatforms) = postSolution
		{A22BA500-E7BA-46B6-9714-02717A558BD2}.Debug|x64.ActiveCfg = Debug|x64
		{A22BA500-E7BA-46B6-9714-02717A558BD2}.Debug|x64.Build.0 = Debug|x64
		{A22BA500-E7BA-46B6-9714-02717A558BD2}.Debug|x86.ActiveCfg = Debug|Win32
		{A22BA500-E7BA-46B6-9714-02717A558BD2}.Debug|x86.Build.0 = Debug|Win32
		{A22BA500-E7BA-46B6-9714-02717A558BD2}.Release|x64.ActiveCfg = Release|x64
		{A22BA500-E7BA-46B6-9714-02717A558BD2}.Release|x64.Build.0 = Release|x64
		{A22BA500-E7BA-46B6-9714-02717A558BD2}.Release|x86.ActiveCfg = Release|Win32
		{A22BA500-E7BA-46B6-9714-02717A558BD2}.Release|x86.Build.0 = Release|Win32
	EndGlobalSection
	GlobalSection(SolutionProperties) = preSolution
		HideSolutionNode = FALSE
	EndGlobalSection
	GlobalSection(ExtensibilityGlobals) = postSolution
		SolutionGuid = {71ADD9B4-CF51-4C6F-8743-C6ED89A5B6BB}
	EndGlobalSection
EndGlobal
