
Microsoft Visual Studio Solution File, Format Version 12.00
# Visual Studio Version 16
VisualStudioVersion = 16.0.30320.27
MinimumVisualStudioVersion = 10.0.40219.1
Project("{8BC9CEB8-8B4A-11D0-8D11-00A0C91BC942}") = "t21", "t21.vcxproj", "{5D1D489E-ED9F-44D8-84A0-5C416EE4EE8F}"
EndProject
Global
	GlobalSection(SolutionConfigurationPlatforms) = preSolution
		Debug|x64 = Debug|x64
		Debug|x86 = Debug|x86
		Release|x64 = Release|x64
		Release|x86 = Release|x86
	EndGlobalSection
	GlobalSection(ProjectConfigurationPlatforms) = postSolution
		{5D1D489E-ED9F-44D8-84A0-5C416EE4EE8F}.Debug|x64.ActiveCfg = Debug|x64
		{5D1D489E-ED9F-44D8-84A0-5C416EE4EE8F}.Debug|x64.Build.0 = Debug|x64
		{5D1D489E-ED9F-44D8-84A0-5C416EE4EE8F}.Debug|x86.ActiveCfg = Debug|Win32
		{5D1D489E-ED9F-44D8-84A0-5C416EE4EE8F}.Debug|x86.Build.0 = Debug|Win32
		{5D1D489E-ED9F-44D8-84A0-5C416EE4EE8F}.Release|x64.ActiveCfg = Release|x64
		{5D1D489E-ED9F-44D8-84A0-5C416EE4EE8F}.Release|x64.Build.0 = Release|x64
		{5D1D489E-ED9F-44D8-84A0-5C416EE4EE8F}.Release|x86.ActiveCfg = Release|Win32
		{5D1D489E-ED9F-44D8-84A0-5C416EE4EE8F}.Release|x86.Build.0 = Release|Win32
	EndGlobalSection
	GlobalSection(SolutionProperties) = preSolution
		HideSolutionNode = FALSE
	EndGlobalSection
	GlobalSection(ExtensibilityGlobals) = postSolution
		SolutionGuid = {5F129832-CFFD-4066-9E38-FB14B10A912A}
	EndGlobalSection
EndGlobal
