
Microsoft Visual Studio Solution File, Format Version 12.00
# Visual Studio Version 16
VisualStudioVersion = 16.0.30320.27
MinimumVisualStudioVersion = 10.0.40219.1
Project("{8BC9CEB8-8B4A-11D0-8D11-00A0C91BC942}") = "t30", "t30.vcxproj", "{8075C44A-5584-4003-A054-04C9E855186E}"
EndProject
Global
	GlobalSection(SolutionConfigurationPlatforms) = preSolution
		Debug|x64 = Debug|x64
		Debug|x86 = Debug|x86
		Release|x64 = Release|x64
		Release|x86 = Release|x86
	EndGlobalSection
	GlobalSection(ProjectConfigurationPlatforms) = postSolution
		{8075C44A-5584-4003-A054-04C9E855186E}.Debug|x64.ActiveCfg = Debug|x64
		{8075C44A-5584-4003-A054-04C9E855186E}.Debug|x64.Build.0 = Debug|x64
		{8075C44A-5584-4003-A054-04C9E855186E}.Debug|x86.ActiveCfg = Debug|Win32
		{8075C44A-5584-4003-A054-04C9E855186E}.Debug|x86.Build.0 = Debug|Win32
		{8075C44A-5584-4003-A054-04C9E855186E}.Release|x64.ActiveCfg = Release|x64
		{8075C44A-5584-4003-A054-04C9E855186E}.Release|x64.Build.0 = Release|x64
		{8075C44A-5584-4003-A054-04C9E855186E}.Release|x86.ActiveCfg = Release|Win32
		{8075C44A-5584-4003-A054-04C9E855186E}.Release|x86.Build.0 = Release|Win32
	EndGlobalSection
	GlobalSection(SolutionProperties) = preSolution
		HideSolutionNode = FALSE
	EndGlobalSection
	GlobalSection(ExtensibilityGlobals) = postSolution
		SolutionGuid = {3E3109F0-D84C-4C99-A10E-FFEF6DE82AEB}
	EndGlobalSection
EndGlobal
